// !$*UTF8*$!
{
	archiveVersion = 1;
	classes = {
	};
	objectVersion = 46;
	objects = {

/* Begin PBXBuildFile section */
		D77CF36B18BDB14100209A5F /* Foundation.framework in Frameworks */ = {isa = PBXBuildFile; fileRef = D77CF36A18BDB14100209A5F /* Foundation.framework */; };
		D77CF36D18BDB14100209A5F /* CoreGraphics.framework in Frameworks */ = {isa = PBXBuildFile; fileRef = D77CF36C18BDB14100209A5F /* CoreGraphics.framework */; };
		D77CF36F18BDB14100209A5F /* UIKit.framework in Frameworks */ = {isa = PBXBuildFile; fileRef = D77CF36E18BDB14100209A5F /* UIKit.framework */; };
		D77CF37518BDB14100209A5F /* InfoPlist.strings in Resources */ = {isa = PBXBuildFile; fileRef = D77CF37318BDB14100209A5F /* InfoPlist.strings */; };
		D77CF37718BDB14100209A5F /* main.m in Sources */ = {isa = PBXBuildFile; fileRef = D77CF37618BDB14100209A5F /* main.m */; };
		D77CF37B18BDB14100209A5F /* JGAppDelegate.m in Sources */ = {isa = PBXBuildFile; fileRef = D77CF37A18BDB14100209A5F /* JGAppDelegate.m */; };
		D77CF37E18BDB14100209A5F /* Main.storyboard in Resources */ = {isa = PBXBuildFile; fileRef = D77CF37C18BDB14100209A5F /* Main.storyboard */; };
		D77CF38118BDB14100209A5F /* JGViewController.m in Sources */ = {isa = PBXBuildFile; fileRef = D77CF38018BDB14100209A5F /* JGViewController.m */; };
		D77CF38318BDB14100209A5F /* Images.xcassets in Resources */ = {isa = PBXBuildFile; fileRef = D77CF38218BDB14100209A5F /* Images.xcassets */; };
		D77CF38A18BDB14100209A5F /* XCTest.framework in Frameworks */ = {isa = PBXBuildFile; fileRef = D77CF38918BDB14100209A5F /* XCTest.framework */; };
		D77CF38B18BDB14100209A5F /* Foundation.framework in Frameworks */ = {isa = PBXBuildFile; fileRef = D77CF36A18BDB14100209A5F /* Foundation.framework */; };
		D77CF38C18BDB14100209A5F /* UIKit.framework in Frameworks */ = {isa = PBXBuildFile; fileRef = D77CF36E18BDB14100209A5F /* UIKit.framework */; };
		D77CF39418BDB14100209A5F /* InfoPlist.strings in Resources */ = {isa = PBXBuildFile; fileRef = D77CF39218BDB14100209A5F /* InfoPlist.strings */; };
		D77CF39618BDB14100209A5F /* JGBSSIDRangerExampleTests.m in Sources */ = {isa = PBXBuildFile; fileRef = D77CF39518BDB14100209A5F /* JGBSSIDRangerExampleTests.m */; };
		D77CF3A118BDB15E00209A5F /* JGBSSIDRanger.m in Sources */ = {isa = PBXBuildFile; fileRef = D77CF3A018BDB15E00209A5F /* JGBSSIDRanger.m */; };
		D77CF3A318BDB17500209A5F /* SystemConfiguration.framework in Frameworks */ = {isa = PBXBuildFile; fileRef = D77CF3A218BDB17400209A5F /* SystemConfiguration.framework */; };
/* End PBXBuildFile section */

/* Begin PBXContainerItemProxy section */
		D77CF38D18BDB14100209A5F /* PBXContainerItemProxy */ = {
			isa = PBXContainerItemProxy;
			containerPortal = D77CF35F18BDB14100209A5F /* Project object */;
			proxyType = 1;
			remoteGlobalIDString = D77CF36618BDB14100209A5F;
			remoteInfo = JGBSSIDRangerExample;
		};
/* End PBXContainerItemProxy section */

/* Begin PBXFileReference section */
		D77CF36718BDB14100209A5F /* JGBSSIDRangerExample.app */ = {isa = PBXFileReference; explicitFileType = wrapper.application; includeInIndex = 0; path = JGBSSIDRangerExample.app; sourceTree = BUILT_PRODUCTS_DIR; };
		D77CF36A18BDB14100209A5F /* Foundation.framework */ = {isa = PBXFileReference; lastKnownFileType = wrapper.framework; name = Foundation.framework; path = System/Library/Frameworks/Foundation.framework; sourceTree = SDKROOT; };
		D77CF36C18BDB14100209A5F /* CoreGraphics.framework */ = {isa = PBXFileReference; lastKnownFileType = wrapper.framework; name = CoreGraphics.framework; path = System/Library/Frameworks/CoreGraphics.framework; sourceTree = SDKROOT; };
		D77CF36E18BDB14100209A5F /* UIKit.framework */ = {isa = PBXFileReference; lastKnownFileType = wrapper.framework; name = UIKit.framework; path = System/Library/Frameworks/UIKit.framework; sourceTree = SDKROOT; };
		D77CF37218BDB14100209A5F /* JGBSSIDRangerExample-Info.plist */ = {isa = PBXFileReference; lastKnownFileType = text.plist.xml; path = "JGBSSIDRangerExample-Info.plist"; sourceTree = "<group>"; };
		D77CF37418BDB14100209A5F /* en */ = {isa = PBXFileReference; lastKnownFileType = text.plist.strings; name = en; path = en.lproj/InfoPlist.strings; sourceTree = "<group>"; };
		D77CF37618BDB14100209A5F /* main.m */ = {isa = PBXFileReference; lastKnownFileType = sourcecode.c.objc; path = main.m; sourceTree = "<group>"; };
		D77CF37818BDB14100209A5F /* JGBSSIDRangerExample-Prefix.pch */ = {isa = PBXFileReference; lastKnownFileType = sourcecode.c.h; path = "JGBSSIDRangerExample-Prefix.pch"; sourceTree = "<group>"; };
		D77CF37918BDB14100209A5F /* JGAppDelegate.h */ = {isa = PBXFileReference; lastKnownFileType = sourcecode.c.h; path = JGAppDelegate.h; sourceTree = "<group>"; };
		D77CF37A18BDB14100209A5F /* JGAppDelegate.m */ = {isa = PBXFileReference; lastKnownFileType = sourcecode.c.objc; path = JGAppDelegate.m; sourceTree = "<group>"; };
		D77CF37D18BDB14100209A5F /* Base */ = {isa = PBXFileReference; lastKnownFileType = file.storyboard; name = Base; path = Base.lproj/Main.storyboard; sourceTree = "<group>"; };
		D77CF37F18BDB14100209A5F /* JGViewController.h */ = {isa = PBXFileReference; lastKnownFileType = sourcecode.c.h; path = JGViewController.h; sourceTree = "<group>"; };
		D77CF38018BDB14100209A5F /* JGViewController.m */ = {isa = PBXFileReference; lastKnownFileType = sourcecode.c.objc; path = JGViewController.m; sourceTree = "<group>"; };
		D77CF38218BDB14100209A5F /* Images.xcassets */ = {isa = PBXFileReference; lastKnownFileType = folder.assetcatalog; path = Images.xcassets; sourceTree = "<group>"; };
		D77CF38818BDB14100209A5F /* JGBSSIDRangerExampleTests.xctest */ = {isa = PBXFileReference; explicitFileType = wrapper.cfbundle; includeInIndex = 0; path = JGBSSIDRangerExampleTests.xctest; sourceTree = BUILT_PRODUCTS_DIR; };
		D77CF38918BDB14100209A5F /* XCTest.framework */ = {isa = PBXFileReference; lastKnownFileType = wrapper.framework; name = XCTest.framework; path = Library/Frameworks/XCTest.framework; sourceTree = DEVELOPER_DIR; };
		D77CF39118BDB14100209A5F /* JGBSSIDRangerExampleTests-Info.plist */ = {isa = PBXFileReference; lastKnownFileType = text.plist.xml; path = "JGBSSIDRangerExampleTests-Info.plist"; sourceTree = "<group>"; };
		D77CF39318BDB14100209A5F /* en */ = {isa = PBXFileReference; lastKnownFileType = text.plist.strings; name = en; path = en.lproj/InfoPlist.strings; sourceTree = "<group>"; };
		D77CF39518BDB14100209A5F /* JGBSSIDRangerExampleTests.m */ = {isa = PBXFileReference; lastKnownFileType = sourcecode.c.objc; path = JGBSSIDRangerExampleTests.m; sourceTree = "<group>"; };
		D77CF39F18BDB15E00209A5F /* JGBSSIDRanger.h */ = {isa = PBXFileReference; fileEncoding = 4; lastKnownFileType = sourcecode.c.h; path = JGBSSIDRanger.h; sourceTree = "<group>"; };
		D77CF3A018BDB15E00209A5F /* JGBSSIDRanger.m */ = {isa = PBXFileReference; fileEncoding = 4; lastKnownFileType = sourcecode.c.objc; path = JGBSSIDRanger.m; sourceTree = "<group>"; };
		D77CF3A218BDB17400209A5F /* SystemConfiguration.framework */ = {isa = PBXFileReference; lastKnownFileType = wrapper.framework; name = SystemConfiguration.framework; path = System/Library/Frameworks/SystemConfiguration.framework; sourceTree = SDKROOT; };
/* End PBXFileReference section */

/* Begin PBXFrameworksBuildPhase section */
		D77CF36418BDB14100209A5F /* Frameworks */ = {
			isa = PBXFrameworksBuildPhase;
			buildActionMask = 2147483647;
			files = (
				D77CF3A318BDB17500209A5F /* SystemConfiguration.framework in Frameworks */,
				D77CF36D18BDB14100209A5F /* CoreGraphics.framework in Frameworks */,
				D77CF36F18BDB14100209A5F /* UIKit.framework in Frameworks */,
				D77CF36B18BDB14100209A5F /* Foundation.framework in Frameworks */,
			);
			runOnlyForDeploymentPostprocessing = 0;
		};
		D77CF38518BDB14100209A5F /* Frameworks */ = {
			isa = PBXFrameworksBuildPhase;
			buildActionMask = 2147483647;
			files = (
				D77CF38A18BDB14100209A5F /* XCTest.framework in Frameworks */,
				D77CF38C18BDB14100209A5F /* UIKit.framework in Frameworks */,
				D77CF38B18BDB14100209A5F /* Foundation.framework in Frameworks */,
			);
			runOnlyForDeploymentPostprocessing = 0;
		};
/* End PBXFrameworksBuildPhase section */

/* Begin PBXGroup section */
		D77CF35E18BDB14100209A5F = {
			isa = PBXGroup;
			children = (
				D77CF37018BDB14100209A5F /* JGBSSIDRangerExample */,
				D77CF38F18BDB14100209A5F /* JGBSSIDRangerExampleTests */,
				D77CF36918BDB14100209A5F /* Frameworks */,
				D77CF36818BDB14100209A5F /* Products */,
			);
			sourceTree = "<group>";
		};
		D77CF36818BDB14100209A5F /* Products */ = {
			isa = PBXGroup;
			children = (
				D77CF36718BDB14100209A5F /* JGBSSIDRangerExample.app */,
				D77CF38818BDB14100209A5F /* JGBSSIDRangerExampleTests.xctest */,
			);
			name = Products;
			sourceTree = "<group>";
		};
		D77CF36918BDB14100209A5F /* Frameworks */ = {
			isa = PBXGroup;
			children = (
				D77CF3A218BDB17400209A5F /* SystemConfiguration.framework */,
				D77CF36A18BDB14100209A5F /* Foundation.framework */,
				D77CF36C18BDB14100209A5F /* CoreGraphics.framework */,
				D77CF36E18BDB14100209A5F /* UIKit.framework */,
				D77CF38918BDB14100209A5F /* XCTest.framework */,
			);
			name = Frameworks;
			sourceTree = "<group>";
		};
		D77CF37018BDB14100209A5F /* JGBSSIDRangerExample */ = {
			isa = PBXGroup;
			children = (
				D77CF37918BDB14100209A5F /* JGAppDelegate.h */,
				D77CF37A18BDB14100209A5F /* JGAppDelegate.m */,
				D77CF37C18BDB14100209A5F /* Main.storyboard */,
				D77CF37F18BDB14100209A5F /* JGViewController.h */,
				D77CF38018BDB14100209A5F /* JGViewController.m */,
				D77CF39F18BDB15E00209A5F /* JGBSSIDRanger.h */,
				D77CF3A018BDB15E00209A5F /* JGBSSIDRanger.m */,
				D77CF38218BDB14100209A5F /* Images.xcassets */,
				D77CF37118BDB14100209A5F /* Supporting Files */,
			);
			path = JGBSSIDRangerExample;
			sourceTree = "<group>";
		};
		D77CF37118BDB14100209A5F /* Supporting Files */ = {
			isa = PBXGroup;
			children = (
				D77CF37218BDB14100209A5F /* JGBSSIDRangerExample-Info.plist */,
				D77CF37318BDB14100209A5F /* InfoPlist.strings */,
				D77CF37618BDB14100209A5F /* main.m */,
				D77CF37818BDB14100209A5F /* JGBSSIDRangerExample-Prefix.pch */,
			);
			name = "Supporting Files";
			sourceTree = "<group>";
		};
		D77CF38F18BDB14100209A5F /* JGBSSIDRangerExampleTests */ = {
			isa = PBXGroup;
			children = (
				D77CF39518BDB14100209A5F /* JGBSSIDRangerExampleTests.m */,
				D77CF39018BDB14100209A5F /* Supporting Files */,
			);
			path = JGBSSIDRangerExampleTests;
			sourceTree = "<group>";
		};
		D77CF39018BDB14100209A5F /* Supporting Files */ = {
			isa = PBXGroup;
			children = (
				D77CF39118BDB14100209A5F /* JGBSSIDRangerExampleTests-Info.plist */,
				D77CF39218BDB14100209A5F /* InfoPlist.strings */,
			);
			name = "Supporting Files";
			sourceTree = "<group>";
		};
/* End PBXGroup section */

/* Begin PBXNativeTarget section */
		D77CF36618BDB14100209A5F /* JGBSSIDRangerExample */ = {
			isa = PBXNativeTarget;
			buildConfigurationList = D77CF39918BDB14100209A5F /* Build configuration list for PBXNativeTarget "JGBSSIDRangerExample" */;
			buildPhases = (
				D77CF36318BDB14100209A5F /* Sources */,
				D77CF36418BDB14100209A5F /* Frameworks */,
				D77CF36518BDB14100209A5F /* Resources */,
			);
			buildRules = (
			);
			dependencies = (
			);
			name = JGBSSIDRangerExample;
			productName = JGBSSIDRangerExample;
			productReference = D77CF36718BDB14100209A5F /* JGBSSIDRangerExample.app */;
			productType = "com.apple.product-type.application";
		};
		D77CF38718BDB14100209A5F /* JGBSSIDRangerExampleTests */ = {
			isa = PBXNativeTarget;
			buildConfigurationList = D77CF39C18BDB14100209A5F /* Build configuration list for PBXNativeTarget "JGBSSIDRangerExampleTests" */;
			buildPhases = (
				D77CF38418BDB14100209A5F /* Sources */,
				D77CF38518BDB14100209A5F /* Frameworks */,
				D77CF38618BDB14100209A5F /* Resources */,
			);
			buildRules = (
			);
			dependencies = (
				D77CF38E18BDB14100209A5F /* PBXTargetDependency */,
			);
			name = JGBSSIDRangerExampleTests;
			productName = JGBSSIDRangerExampleTests;
			productReference = D77CF38818BDB14100209A5F /* JGBSSIDRangerExampleTests.xctest */;
			productType = "com.apple.product-type.bundle.unit-test";
		};
/* End PBXNativeTarget section */

/* Begin PBXProject section */
		D77CF35F18BDB14100209A5F /* Project object */ = {
			isa = PBXProject;
			attributes = {
				CLASSPREFIX = JG;
				LastUpgradeCheck = 0510;
				ORGANIZATIONNAME = "Jaden Geller";
				TargetAttributes = {
					D77CF38718BDB14100209A5F = {
						TestTargetID = D77CF36618BDB14100209A5F;
					};
				};
			};
			buildConfigurationList = D77CF36218BDB14100209A5F /* Build configuration list for PBXProject "JGBSSIDRangerExample" */;
			compatibilityVersion = "Xcode 3.2";
			developmentRegion = English;
			hasScannedForEncodings = 0;
			knownRegions = (
				en,
				Base,
			);
			mainGroup = D77CF35E18BDB14100209A5F;
			productRefGroup = D77CF36818BDB14100209A5F /* Products */;
			projectDirPath = "";
			projectRoot = "";
			targets = (
				D77CF36618BDB14100209A5F /* JGBSSIDRangerExample */,
				D77CF38718BDB14100209A5F /* JGBSSIDRangerExampleTests */,
			);
		};
/* End PBXProject section */

/* Begin PBXResourcesBuildPhase section */
		D77CF36518BDB14100209A5F /* Resources */ = {
			isa = PBXResourcesBuildPhase;
			buildActionMask = 2147483647;
			files = (
				D77CF38318BDB14100209A5F /* Images.xcassets in Resources */,
				D77CF37518BDB14100209A5F /* InfoPlist.strings in Resources */,
				D77CF37E18BDB14100209A5F /* Main.storyboard in Resources */,
			);
			runOnlyForDeploymentPostprocessing = 0;
		};
		D77CF38618BDB14100209A5F /* Resources */ = {
			isa = PBXResourcesBuildPhase;
			buildActionMask = 2147483647;
			files = (
				D77CF39418BDB14100209A5F /* InfoPlist.strings in Resources */,
			);
			runOnlyForDeploymentPostprocessing = 0;
		};
/* End PBXResourcesBuildPhase section */

/* Begin PBXSourcesBuildPhase section */
		D77CF36318BDB14100209A5F /* Sources */ = {
			isa = PBXSourcesBuildPhase;
			buildActionMask = 2147483647;
			files = (
				D77CF37718BDB14100209A5F /* main.m in Sources */,
				D77CF38118BDB14100209A5F /* JGViewController.m in Sources */,
				D77CF37B18BDB14100209A5F /* JGAppDelegate.m in Sources */,
				D77CF3A118BDB15E00209A5F /* JGBSSIDRanger.m in Sources */,
			);
			runOnlyForDeploymentPostprocessing = 0;
		};
		D77CF38418BDB14100209A5F /* Sources */ = {
			isa = PBXSourcesBuildPhase;
			buildActionMask = 2147483647;
			files = (
				D77CF39618BDB14100209A5F /* JGBSSIDRangerExampleTests.m in Sources */,
			);
			runOnlyForDeploymentPostprocessing = 0;
		};
/* End PBXSourcesBuildPhase section */

/* Begin PBXTargetDependency section */
		D77CF38E18BDB14100209A5F /* PBXTargetDependency */ = {
			isa = PBXTargetDependency;
			target = D77CF36618BDB14100209A5F /* JGBSSIDRangerExample */;
			targetProxy = D77CF38D18BDB14100209A5F /* PBXContainerItemProxy */;
		};
/* End PBXTargetDependency section */

/* Begin PBXVariantGroup section */
		D77CF37318BDB14100209A5F /* InfoPlist.strings */ = {
			isa = PBXVariantGroup;
			children = (
				D77CF37418BDB14100209A5F /* en */,
			);
			name = InfoPlist.strings;
			sourceTree = "<group>";
		};
		D77CF37C18BDB14100209A5F /* Main.storyboard */ = {
			isa = PBXVariantGroup;
			children = (
				D77CF37D18BDB14100209A5F /* Base */,
			);
			name = Main.storyboard;
			sourceTree = "<group>";
		};
		D77CF39218BDB14100209A5F /* InfoPlist.strings */ = {
			isa = PBXVariantGroup;
			children = (
				D77CF39318BDB14100209A5F /* en */,
			);
			name = InfoPlist.strings;
			sourceTree = "<group>";
		};
/* End PBXVariantGroup section */

/* Begin XCBuildConfiguration section */
		D77CF39718BDB14100209A5F /* Debug */ = {
			isa = XCBuildConfiguration;
			buildSettings = {
				ALWAYS_SEARCH_USER_PATHS = NO;
				ARCHS = "$(ARCHS_STANDARD_INCLUDING_64_BIT)";
				CLANG_CXX_LANGUAGE_STANDARD = "gnu++0x";
				CLANG_CXX_LIBRARY = "libc++";
				CLANG_ENABLE_MODULES = YES;
				CLANG_ENABLE_OBJC_ARC = YES;
				CLANG_WARN_BOOL_CONVERSION = YES;
				CLANG_WARN_CONSTANT_CONVERSION = YES;
				CLANG_WARN_DIRECT_OBJC_ISA_USAGE = YES_ERROR;
				CLANG_WARN_EMPTY_BODY = YES;
				CLANG_WARN_ENUM_CONVERSION = YES;
				CLANG_WARN_INT_CONVERSION = YES;
				CLANG_WARN_OBJC_ROOT_CLASS = YES_ERROR;
				CLANG_WARN__DUPLICATE_METHOD_MATCH = YES;
				"CODE_SIGN_IDENTITY[sdk=iphoneos*]" = "iPhone Developer";
				COPY_PHASE_STRIP = NO;
				GCC_C_LANGUAGE_STANDARD = gnu99;
				GCC_DYNAMIC_NO_PIC = NO;
				GCC_OPTIMIZATION_LEVEL = 0;
				GCC_PREPROCESSOR_DEFINITIONS = (
					"DEBUG=1",
					"$(inherited)",
				);
				GCC_SYMBOLS_PRIVATE_EXTERN = NO;
				GCC_WARN_64_TO_32_BIT_CONVERSION = YES;
				GCC_WARN_ABOUT_RETURN_TYPE = YES_ERROR;
				GCC_WARN_UNDECLARED_SELECTOR = YES;
				GCC_WARN_UNINITIALIZED_AUTOS = YES_AGGRESSIVE;
				GCC_WARN_UNUSED_FUNCTION = YES;
				GCC_WARN_UNUSED_VARIABLE = YES;
				IPHONEOS_DEPLOYMENT_TARGET = 7.1;
				ONLY_ACTIVE_ARCH = YES;
				SDKROOT = iphoneos;
			};
			name = Debug;
		};
		D77CF39818BDB14100209A5F /* Release */ = {
			isa = XCBuildConfiguration;
			buildSettings = {
				ALWAYS_SEARCH_USER_PATHS = NO;
				ARCHS = "$(ARCHS_STANDARD_INCLUDING_64_BIT)";
				CLANG_CXX_LANGUAGE_STANDARD = "gnu++0x";
				CLANG_CXX_LIBRARY = "libc++";
				CLANG_ENABLE_MODULES = YES;
				CLANG_ENABLE_OBJC_ARC = YES;
				CLANG_WARN_BOOL_CONVERSION = YES;
				CLANG_WARN_CONSTANT_CONVERSION = YES;
				CLANG_WARN_DIRECT_OBJC_ISA_USAGE = YES_ERROR;
				CLANG_WARN_EMPTY_BODY = YES;
				CLANG_WARN_ENUM_CONVERSION = YES;
				CLANG_WARN_INT_CONVERSION = YES;
				CLANG_WARN_OBJC_ROOT_CLASS = YES_ERROR;
				CLANG_WARN__DUPLICATE_METHOD_MATCH = YES;
				"CODE_SIGN_IDENTITY[sdk=iphoneos*]" = "iPhone Developer";
				COPY_PHASE_STRIP = YES;
				ENABLE_NS_ASSERTIONS = NO;
				GCC_C_LANGUAGE_STANDARD = gnu99;
				GCC_WARN_64_TO_32_BIT_CONVERSION = YES;
				GCC_WARN_ABOUT_RETURN_TYPE = YES_ERROR;
				GCC_WARN_UNDECLARED_SELECTOR = YES;
				GCC_WARN_UNINITIALIZED_AUTOS = YES_AGGRESSIVE;
				GCC_WARN_UNUSED_FUNCTION = YES;
				GCC_WARN_UNUSED_VARIABLE = YES;
				IPHONEOS_DEPLOYMENT_TARGET = 7.1;
				SDKROOT = iphoneos;
				VALIDATE_PRODUCT = YES;
			};
			name = Release;
		};
		D77CF39A18BDB14100209A5F /* Debug */ = {
			isa = XCBuildConfiguration;
			buildSettings = {
				ASSETCATALOG_COMPILER_APPICON_NAME = AppIcon;
				ASSETCATALOG_COMPILER_LAUNCHIMAGE_NAME = LaunchImage;
				GCC_PRECOMPILE_PREFIX_HEADER = YES;
				GCC_PREFIX_HEADER = "JGBSSIDRangerExample/JGBSSIDRangerExample-Prefix.pch";
				INFOPLIST_FILE = "JGBSSIDRangerExample/JGBSSIDRangerExample-Info.plist";
				PRODUCT_NAME = "$(TARGET_NAME)";
				WRAPPER_EXTENSION = app;
			};
			name = Debug;
		};
		D77CF39B18BDB14100209A5F /* Release */ = {
			isa = XCBuildConfiguration;
			buildSettings = {
				ASSETCATALOG_COMPILER_APPICON_NAME = AppIcon;
				ASSETCATALOG_COMPILER_LAUNCHIMAGE_NAME = LaunchImage;
				GCC_PRECOMPILE_PREFIX_HEADER = YES;
				GCC_PREFIX_HEADER = "JGBSSIDRangerExample/JGBSSIDRangerExample-Prefix.pch";
				INFOPLIST_FILE = "JGBSSIDRangerExample/JGBSSIDRangerExample-Info.plist";
				PRODUCT_NAME = "$(TARGET_NAME)";
				WRAPPER_EXTENSION = app;
			};
			name = Release;
		};
		D77CF39D18BDB14100209A5F /* Debug */ = {
			isa = XCBuildConfiguration;
			buildSettings = {
				ARCHS = "$(ARCHS_STANDARD_INCLUDING_64_BIT)";
				BUNDLE_LOADER = "$(BUILT_PRODUCTS_DIR)/JGBSSIDRangerExample.app/JGBSSIDRangerExample";
				FRAMEWORK_SEARCH_PATHS = (
					"$(SDKROOT)/Developer/Library/Frameworks",
					"$(inherited)",
					"$(DEVELOPER_FRAMEWORKS_DIR)",
				);
				GCC_PRECOMPILE_PREFIX_HEADER = YES;
				GCC_PREFIX_HEADER = "JGBSSIDRangerExample/JGBSSIDRangerExample-Prefix.pch";
				GCC_PREPROCESSOR_DEFINITIONS = (
					"DEBUG=1",
					"$(inherited)",
				);
				INFOPLIST_FILE = "JGBSSIDRangerExampleTests/JGBSSIDRangerExampleTests-Info.plist";
				PRODUCT_NAME = "$(TARGET_NAME)";
				TEST_HOST = "$(BUNDLE_LOADER)";
				WRAPPER_EXTENSION = xctest;
			};
			name = Debug;
		};
		D77CF39E18BDB14100209A5F /* Release */ = {
			isa = XCBuildConfiguration;
			buildSettings = {
				ARCHS = "$(ARCHS_STANDARD_INCLUDING_64_BIT)";
				BUNDLE_LOADER = "$(BUILT_PRODUCTS_DIR)/JGBSSIDRangerExample.app/JGBSSIDRangerExample";
				FRAMEWORK_SEARCH_PATHS = (
					"$(SDKROOT)/Developer/Library/Frameworks",
					"$(inherited)",
					"$(DEVELOPER_FRAMEWORKS_DIR)",
				);
				GCC_PRECOMPILE_PREFIX_HEADER = YES;
				GCC_PREFIX_HEADER = "JGBSSIDRangerExample/JGBSSIDRangerExample-Prefix.pch";
				INFOPLIST_FILE = "JGBSSIDRangerExampleTests/JGBSSIDRangerExampleTests-Info.plist";
				PRODUCT_NAME = "$(TARGET_NAME)";
				TEST_HOST = "$(BUNDLE_LOADER)";
				WRAPPER_EXTENSION = xctest;
			};
			name = Release;
		};
/* End XCBuildConfiguration section */

/* Begin XCConfigurationList section */
		D77CF36218BDB14100209A5F /* Build configuration list for PBXProject "JGBSSIDRangerExample" */ = {
			isa = XCConfigurationList;
			buildConfigurations = (
				D77CF39718BDB14100209A5F /* Debug */,
				D77CF39818BDB14100209A5F /* Release */,
			);
			defaultConfigurationIsVisible = 0;
			defaultConfigurationName = Release;
		};
		D77CF39918BDB14100209A5F /* Build configuration list for PBXNativeTarget "JGBSSIDRangerExample" */ = {
			isa = XCConfigurationList;
			buildConfigurations = (
				D77CF39A18BDB14100209A5F /* Debug */,
				D77CF39B18BDB14100209A5F /* Release */,
			);
			defaultConfigurationIsVisible = 0;
		};
		D77CF39C18BDB14100209A5F /* Build configuration list for PBXNativeTarget "JGBSSIDRangerExampleTests" */ = {
			isa = XCConfigurationList;
			buildConfigurations = (
				D77CF39D18BDB14100209A5F /* Debug */,
				D77CF39E18BDB14100209A5F /* Release */,
			);
			defaultConfigurationIsVisible = 0;
		};
/* End XCConfigurationList section */
	};
	rootObject = D77CF35F18BDB14100209A5F /* Project object */;
}
